// !$*UTF8*$!
{
	archiveVersion = 1;
	classes = {
	};
	objectVersion = 46;
	objects = {

/* Begin PBXBuildFile section */
		F9C15E0E1E3A058C0050DCBA /* AppDelegate.swift in Sources */ = {isa = PBXBuildFile; fileRef = F9C15E0D1E3A058C0050DCBA /* AppDelegate.swift */; };
		F9C15E101E3A058C0050DCBA /* ViewController.swift in Sources */ = {isa = PBXBuildFile; fileRef = F9C15E0F1E3A058C0050DCBA /* ViewController.swift */; };
		F9C15E131E3A058C0050DCBA /* Main.storyboard in Resources */ = {isa = PBXBuildFile; fileRef = F9C15E111E3A058C0050DCBA /* Main.storyboard */; };
		F9C15E151E3A058C0050DCBA /* Assets.xcassets in Resources */ = {isa = PBXBuildFile; fileRef = F9C15E141E3A058C0050DCBA /* Assets.xcassets */; };
		F9C15E181E3A058C0050DCBA /* LaunchScreen.storyboard in Resources */ = {isa = PBXBuildFile; fileRef = F9C15E161E3A058C0050DCBA /* LaunchScreen.storyboard */; };
		F9C15E231E3A058C0050DCBA /* Reminder2Tests.swift in Sources */ = {isa = PBXBuildFile; fileRef = F9C15E221E3A058C0050DCBA /* Reminder2Tests.swift */; };
		F9C15E2E1E3A058C0050DCBA /* Reminder2UITests.swift in Sources */ = {isa = PBXBuildFile; fileRef = F9C15E2D1E3A058C0050DCBA /* Reminder2UITests.swift */; };
		F9C15E3C1E3A065C0050DCBA /* CreateReminderViewController.swift in Sources */ = {isa = PBXBuildFile; fileRef = F9C15E3B1E3A065C0050DCBA /* CreateReminderViewController.swift */; };
		F9C15E401E3A06AD0050DCBA /* ListViewController.swift in Sources */ = {isa = PBXBuildFile; fileRef = F9C15E3F1E3A06AD0050DCBA /* ListViewController.swift */; };
		F9FE8E7F1E753B5B00F5A617 /* リマインダー背景.jpg in Resources */ = {isa = PBXBuildFile; fileRef = F9FE8E7E1E753B5B00F5A617 /* リマインダー背景.jpg */; };
		F9FE8E811E753E5000F5A617 /* Twitter_Logo_White_On_Blue.png in Resources */ = {isa = PBXBuildFile; fileRef = F9FE8E801E753E5000F5A617 /* Twitter_Logo_White_On_Blue.png */; };
		F9FE8E881E75408500F5A617 /* twitter_off.png in Resources */ = {isa = PBXBuildFile; fileRef = F9FE8E861E75408500F5A617 /* twitter_off.png */; };
		F9FE8E891E75408500F5A617 /* twitter_on.png in Resources */ = {isa = PBXBuildFile; fileRef = F9FE8E871E75408500F5A617 /* twitter_on.png */; };
		F9FE8E911E75571400F5A617 /* pencil-icon!.png in Resources */ = {isa = PBXBuildFile; fileRef = F9FE8E8F1E75571400F5A617 /* pencil-icon!.png */; };
		F9FE8E931E75583100F5A617 /* list-icon!.png in Resources */ = {isa = PBXBuildFile; fileRef = F9FE8E921E75583100F5A617 /* list-icon!.png */; };
		F9FE8E951E755E2700F5A617 /* icon.png in Resources */ = {isa = PBXBuildFile; fileRef = F9FE8E941E755E2700F5A617 /* icon.png */; };
		F9FE8EAE1E75636700F5A617 /* Contents.json in Resources */ = {isa = PBXBuildFile; fileRef = F9FE8E971E75636700F5A617 /* Contents.json */; };
		F9FE8EAF1E75636700F5A617 /* Icon-App-20x20@1x.png in Resources */ = {isa = PBXBuildFile; fileRef = F9FE8E981E75636700F5A617 /* Icon-App-20x20@1x.png */; };
		F9FE8EB01E75636700F5A617 /* Icon-App-20x20@2x.png in Resources */ = {isa = PBXBuildFile; fileRef = F9FE8E991E75636700F5A617 /* Icon-App-20x20@2x.png */; };
		F9FE8EB11E75636700F5A617 /* Icon-App-20x20@3x.png in Resources */ = {isa = PBXBuildFile; fileRef = F9FE8E9A1E75636700F5A617 /* Icon-App-20x20@3x.png */; };
		F9FE8EB21E75636700F5A617 /* Icon-App-29x29@1x.png in Resources */ = {isa = PBXBuildFile; fileRef = F9FE8E9B1E75636700F5A617 /* Icon-App-29x29@1x.png */; };
		F9FE8EB31E75636700F5A617 /* Icon-App-29x29@2x.png in Resources */ = {isa = PBXBuildFile; fileRef = F9FE8E9C1E75636700F5A617 /* Icon-App-29x29@2x.png */; };
		F9FE8EB41E75636700F5A617 /* Icon-App-29x29@3x.png in Resources */ = {isa = PBXBuildFile; fileRef = F9FE8E9D1E75636700F5A617 /* Icon-App-29x29@3x.png */; };
		F9FE8EB51E75636700F5A617 /* Icon-App-40x40@1x.png in Resources */ = {isa = PBXBuildFile; fileRef = F9FE8E9E1E75636700F5A617 /* Icon-App-40x40@1x.png */; };
		F9FE8EB61E75636700F5A617 /* Icon-App-40x40@2x.png in Resources */ = {isa = PBXBuildFile; fileRef = F9FE8E9F1E75636700F5A617 /* Icon-App-40x40@2x.png */; };
		F9FE8EB71E75636700F5A617 /* Icon-App-40x40@3x.png in Resources */ = {isa = PBXBuildFile; fileRef = F9FE8EA01E75636700F5A617 /* Icon-App-40x40@3x.png */; };
		F9FE8EB81E75636700F5A617 /* Icon-App-57x57@1x.png in Resources */ = {isa = PBXBuildFile; fileRef = F9FE8EA11E75636700F5A617 /* Icon-App-57x57@1x.png */; };
		F9FE8EB91E75636700F5A617 /* Icon-App-57x57@2x.png in Resources */ = {isa = PBXBuildFile; fileRef = F9FE8EA21E75636700F5A617 /* Icon-App-57x57@2x.png */; };
		F9FE8EBA1E75636700F5A617 /* Icon-App-60x60@1x.png in Resources */ = {isa = PBXBuildFile; fileRef = F9FE8EA31E75636700F5A617 /* Icon-App-60x60@1x.png */; };
		F9FE8EBB1E75636700F5A617 /* Icon-App-60x60@2x.png in Resources */ = {isa = PBXBuildFile; fileRef = F9FE8EA41E75636700F5A617 /* Icon-App-60x60@2x.png */; };
		F9FE8EBC1E75636700F5A617 /* Icon-App-60x60@3x.png in Resources */ = {isa = PBXBuildFile; fileRef = F9FE8EA51E75636700F5A617 /* Icon-App-60x60@3x.png */; };
		F9FE8EBD1E75636700F5A617 /* Icon-App-72x72@1x.png in Resources */ = {isa = PBXBuildFile; fileRef = F9FE8EA61E75636700F5A617 /* Icon-App-72x72@1x.png */; };
		F9FE8EBE1E75636700F5A617 /* Icon-App-72x72@2x.png in Resources */ = {isa = PBXBuildFile; fileRef = F9FE8EA71E75636700F5A617 /* Icon-App-72x72@2x.png */; };
		F9FE8EBF1E75636700F5A617 /* Icon-App-76x76@1x.png in Resources */ = {isa = PBXBuildFile; fileRef = F9FE8EA81E75636700F5A617 /* Icon-App-76x76@1x.png */; };
		F9FE8EC01E75636700F5A617 /* Icon-App-76x76@2x.png in Resources */ = {isa = PBXBuildFile; fileRef = F9FE8EA91E75636700F5A617 /* Icon-App-76x76@2x.png */; };
		F9FE8EC11E75636700F5A617 /* Icon-App-76x76@3x.png in Resources */ = {isa = PBXBuildFile; fileRef = F9FE8EAA1E75636700F5A617 /* Icon-App-76x76@3x.png */; };
		F9FE8EC21E75636700F5A617 /* Icon-App-83.5x83.5@2x.png in Resources */ = {isa = PBXBuildFile; fileRef = F9FE8EAB1E75636700F5A617 /* Icon-App-83.5x83.5@2x.png */; };
		F9FE8EC31E75636700F5A617 /* Icon-Small-50x50@1x.png in Resources */ = {isa = PBXBuildFile; fileRef = F9FE8EAC1E75636700F5A617 /* Icon-Small-50x50@1x.png */; };
		F9FE8EC41E75636700F5A617 /* Icon-Small-50x50@2x.png in Resources */ = {isa = PBXBuildFile; fileRef = F9FE8EAD1E75636700F5A617 /* Icon-Small-50x50@2x.png */; };
/* End PBXBuildFile section */

/* Begin PBXContainerItemProxy section */
		F9C15E1F1E3A058C0050DCBA /* PBXContainerItemProxy */ = {
			isa = PBXContainerItemProxy;
			containerPortal = F9C15E021E3A058C0050DCBA /* Project object */;
			proxyType = 1;
			remoteGlobalIDString = F9C15E091E3A058C0050DCBA;
			remoteInfo = Reminder2;
		};
		F9C15E2A1E3A058C0050DCBA /* PBXContainerItemProxy */ = {
			isa = PBXContainerItemProxy;
			containerPortal = F9C15E021E3A058C0050DCBA /* Project object */;
			proxyType = 1;
			remoteGlobalIDString = F9C15E091E3A058C0050DCBA;
			remoteInfo = Reminder2;
		};
/* End PBXContainerItemProxy section */

/* Begin PBXFileReference section */
		F9C15E0A1E3A058C0050DCBA /* Reminder2.app */ = {isa = PBXFileReference; explicitFileType = wrapper.application; includeInIndex = 0; path = Reminder2.app; sourceTree = BUILT_PRODUCTS_DIR; };
		F9C15E0D1E3A058C0050DCBA /* AppDelegate.swift */ = {isa = PBXFileReference; lastKnownFileType = sourcecode.swift; path = AppDelegate.swift; sourceTree = "<group>"; };
		F9C15E0F1E3A058C0050DCBA /* ViewController.swift */ = {isa = PBXFileReference; lastKnownFileType = sourcecode.swift; path = ViewController.swift; sourceTree = "<group>"; };
		F9C15E121E3A058C0050DCBA /* Base */ = {isa = PBXFileReference; lastKnownFileType = file.storyboard; name = Base; path = Base.lproj/Main.storyboard; sourceTree = "<group>"; };
		F9C15E141E3A058C0050DCBA /* Assets.xcassets */ = {isa = PBXFileReference; lastKnownFileType = folder.assetcatalog; path = Assets.xcassets; sourceTree = "<group>"; };
		F9C15E171E3A058C0050DCBA /* Base */ = {isa = PBXFileReference; lastKnownFileType = file.storyboard; name = Base; path = Base.lproj/LaunchScreen.storyboard; sourceTree = "<group>"; };
		F9C15E191E3A058C0050DCBA /* Info.plist */ = {isa = PBXFileReference; lastKnownFileType = text.plist.xml; path = Info.plist; sourceTree = "<group>"; };
		F9C15E1E1E3A058C0050DCBA /* Reminder2Tests.xctest */ = {isa = PBXFileReference; explicitFileType = wrapper.cfbundle; includeInIndex = 0; path = Reminder2Tests.xctest; sourceTree = BUILT_PRODUCTS_DIR; };
		F9C15E221E3A058C0050DCBA /* Reminder2Tests.swift */ = {isa = PBXFileReference; lastKnownFileType = sourcecode.swift; path = Reminder2Tests.swift; sourceTree = "<group>"; };
		F9C15E241E3A058C0050DCBA /* Info.plist */ = {isa = PBXFileReference; lastKnownFileType = text.plist.xml; path = Info.plist; sourceTree = "<group>"; };
		F9C15E291E3A058C0050DCBA /* Reminder2UITests.xctest */ = {isa = PBXFileReference; explicitFileType = wrapper.cfbundle; includeInIndex = 0; path = Reminder2UITests.xctest; sourceTree = BUILT_PRODUCTS_DIR; };
		F9C15E2D1E3A058C0050DCBA /* Reminder2UITests.swift */ = {isa = PBXFileReference; lastKnownFileType = sourcecode.swift; path = Reminder2UITests.swift; sourceTree = "<group>"; };
		F9C15E2F1E3A058C0050DCBA /* Info.plist */ = {isa = PBXFileReference; lastKnownFileType = text.plist.xml; path = Info.plist; sourceTree = "<group>"; };
		F9C15E3B1E3A065C0050DCBA /* CreateReminderViewController.swift */ = {isa = PBXFileReference; fileEncoding = 4; lastKnownFileType = sourcecode.swift; path = CreateReminderViewController.swift; sourceTree = "<group>"; };
		F9C15E3F1E3A06AD0050DCBA /* ListViewController.swift */ = {isa = PBXFileReference; fileEncoding = 4; lastKnownFileType = sourcecode.swift; path = ListViewController.swift; sourceTree = "<group>"; };
		F9FE8E7E1E753B5B00F5A617 /* リマインダー背景.jpg */ = {isa = PBXFileReference; lastKnownFileType = image.jpeg; path = "リマインダー背景.jpg"; sourceTree = "<group>"; };
		F9FE8E801E753E5000F5A617 /* Twitter_Logo_White_On_Blue.png */ = {isa = PBXFileReference; lastKnownFileType = image.png; path = Twitter_Logo_White_On_Blue.png; sourceTree = "<group>"; };
		F9FE8E861E75408500F5A617 /* twitter_off.png */ = {isa = PBXFileReference; lastKnownFileType = image.png; path = twitter_off.png; sourceTree = "<group>"; };
		F9FE8E871E75408500F5A617 /* twitter_on.png */ = {isa = PBXFileReference; lastKnownFileType = image.png; path = twitter_on.png; sourceTree = "<group>"; };
		F9FE8E8F1E75571400F5A617 /* pencil-icon!.png */ = {isa = PBXFileReference; lastKnownFileType = image.png; path = "pencil-icon!.png"; sourceTree = "<group>"; };
		F9FE8E921E75583100F5A617 /* list-icon!.png */ = {isa = PBXFileReference; lastKnownFileType = image.png; path = "list-icon!.png"; sourceTree = "<group>"; };
		F9FE8E941E755E2700F5A617 /* icon.png */ = {isa = PBXFileReference; lastKnownFileType = image.png; path = icon.png; sourceTree = "<group>"; };
		F9FE8E971E75636700F5A617 /* Contents.json */ = {isa = PBXFileReference; fileEncoding = 4; lastKnownFileType = text.json; path = Contents.json; sourceTree = "<group>"; };
		F9FE8E981E75636700F5A617 /* Icon-App-20x20@1x.png */ = {isa = PBXFileReference; lastKnownFileType = image.png; path = "Icon-App-20x20@1x.png"; sourceTree = "<group>"; };
		F9FE8E991E75636700F5A617 /* Icon-App-20x20@2x.png */ = {isa = PBXFileReference; lastKnownFileType = image.png; path = "Icon-App-20x20@2x.png"; sourceTree = "<group>"; };
		F9FE8E9A1E75636700F5A617 /* Icon-App-20x20@3x.png */ = {isa = PBXFileReference; lastKnownFileType = image.png; path = "Icon-App-20x20@3x.png"; sourceTree = "<group>"; };
		F9FE8E9B1E75636700F5A617 /* Icon-App-29x29@1x.png */ = {isa = PBXFileReference; lastKnownFileType = image.png; path = "Icon-App-29x29@1x.png"; sourceTree = "<group>"; };
		F9FE8E9C1E75636700F5A617 /* Icon-App-29x29@2x.png */ = {isa = PBXFileReference; lastKnownFileType = image.png; path = "Icon-App-29x29@2x.png"; sourceTree = "<group>"; };
		F9FE8E9D1E75636700F5A617 /* Icon-App-29x29@3x.png */ = {isa = PBXFileReference; lastKnownFileType = image.png; path = "Icon-App-29x29@3x.png"; sourceTree = "<group>"; };
		F9FE8E9E1E75636700F5A617 /* Icon-App-40x40@1x.png */ = {isa = PBXFileReference; lastKnownFileType = image.png; path = "Icon-App-40x40@1x.png"; sourceTree = "<group>"; };
		F9FE8E9F1E75636700F5A617 /* Icon-App-40x40@2x.png */ = {isa = PBXFileReference; lastKnownFileType = image.png; path = "Icon-App-40x40@2x.png"; sourceTree = "<group>"; };
		F9FE8EA01E75636700F5A617 /* Icon-App-40x40@3x.png */ = {isa = PBXFileReference; lastKnownFileType = image.png; path = "Icon-App-40x40@3x.png"; sourceTree = "<group>"; };
		F9FE8EA11E75636700F5A617 /* Icon-App-57x57@1x.png */ = {isa = PBXFileReference; lastKnownFileType = image.png; path = "Icon-App-57x57@1x.png"; sourceTree = "<group>"; };
		F9FE8EA21E75636700F5A617 /* Icon-App-57x57@2x.png */ = {isa = PBXFileReference; lastKnownFileType = image.png; path = "Icon-App-57x57@2x.png"; sourceTree = "<group>"; };
		F9FE8EA31E75636700F5A617 /* Icon-App-60x60@1x.png */ = {isa = PBXFileReference; lastKnownFileType = image.png; path = "Icon-App-60x60@1x.png"; sourceTree = "<group>"; };
		F9FE8EA41E75636700F5A617 /* Icon-App-60x60@2x.png */ = {isa = PBXFileReference; lastKnownFileType = image.png; path = "Icon-App-60x60@2x.png"; sourceTree = "<group>"; };
		F9FE8EA51E75636700F5A617 /* Icon-App-60x60@3x.png */ = {isa = PBXFileReference; lastKnownFileType = image.png; path = "Icon-App-60x60@3x.png"; sourceTree = "<group>"; };
		F9FE8EA61E75636700F5A617 /* Icon-App-72x72@1x.png */ = {isa = PBXFileReference; lastKnownFileType = image.png; path = "Icon-App-72x72@1x.png"; sourceTree = "<group>"; };
		F9FE8EA71E75636700F5A617 /* Icon-App-72x72@2x.png */ = {isa = PBXFileReference; lastKnownFileType = image.png; path = "Icon-App-72x72@2x.png"; sourceTree = "<group>"; };
		F9FE8EA81E75636700F5A617 /* Icon-App-76x76@1x.png */ = {isa = PBXFileReference; lastKnownFileType = image.png; path = "Icon-App-76x76@1x.png"; sourceTree = "<group>"; };
		F9FE8EA91E75636700F5A617 /* Icon-App-76x76@2x.png */ = {isa = PBXFileReference; lastKnownFileType = image.png; path = "Icon-App-76x76@2x.png"; sourceTree = "<group>"; };
		F9FE8EAA1E75636700F5A617 /* Icon-App-76x76@3x.png */ = {isa = PBXFileReference; lastKnownFileType = image.png; path = "Icon-App-76x76@3x.png"; sourceTree = "<group>"; };
		F9FE8EAB1E75636700F5A617 /* Icon-App-83.5x83.5@2x.png */ = {isa = PBXFileReference; lastKnownFileType = image.png; path = "Icon-App-83.5x83.5@2x.png"; sourceTree = "<group>"; };
		F9FE8EAC1E75636700F5A617 /* Icon-Small-50x50@1x.png */ = {isa = PBXFileReference; lastKnownFileType = image.png; path = "Icon-Small-50x50@1x.png"; sourceTree = "<group>"; };
		F9FE8EAD1E75636700F5A617 /* Icon-Small-50x50@2x.png */ = {isa = PBXFileReference; lastKnownFileType = image.png; path = "Icon-Small-50x50@2x.png"; sourceTree = "<group>"; };
/* End PBXFileReference section */

/* Begin PBXFrameworksBuildPhase section */
		F9C15E071E3A058C0050DCBA /* Frameworks */ = {
			isa = PBXFrameworksBuildPhase;
			buildActionMask = 2147483647;
			files = (
			);
			runOnlyForDeploymentPostprocessing = 0;
		};
		F9C15E1B1E3A058C0050DCBA /* Frameworks */ = {
			isa = PBXFrameworksBuildPhase;
			buildActionMask = 2147483647;
			files = (
			);
			runOnlyForDeploymentPostprocessing = 0;
		};
		F9C15E261E3A058C0050DCBA /* Frameworks */ = {
			isa = PBXFrameworksBuildPhase;
			buildActionMask = 2147483647;
			files = (
			);
			runOnlyForDeploymentPostprocessing = 0;
		};
/* End PBXFrameworksBuildPhase section */

/* Begin PBXGroup section */
		F9C15E011E3A058C0050DCBA = {
			isa = PBXGroup;
			children = (
				F9FE8E941E755E2700F5A617 /* icon.png */,
				F9FE8E921E75583100F5A617 /* list-icon!.png */,
				F9FE8E861E75408500F5A617 /* twitter_off.png */,
				F9FE8E871E75408500F5A617 /* twitter_on.png */,
				F9FE8E961E75636700F5A617 /* AppIcon.appiconset */,
				F9C15E0C1E3A058C0050DCBA /* Reminder2 */,
				F9C15E211E3A058C0050DCBA /* Reminder2Tests */,
				F9C15E2C1E3A058C0050DCBA /* Reminder2UITests */,
				F9C15E0B1E3A058C0050DCBA /* Products */,
			);
			sourceTree = "<group>";
		};
		F9C15E0B1E3A058C0050DCBA /* Products */ = {
			isa = PBXGroup;
			children = (
				F9C15E0A1E3A058C0050DCBA /* Reminder2.app */,
				F9C15E1E1E3A058C0050DCBA /* Reminder2Tests.xctest */,
				F9C15E291E3A058C0050DCBA /* Reminder2UITests.xctest */,
			);
			name = Products;
			sourceTree = "<group>";
		};
		F9C15E0C1E3A058C0050DCBA /* Reminder2 */ = {
			isa = PBXGroup;
			children = (
				F9C15E0D1E3A058C0050DCBA /* AppDelegate.swift */,
				F9C15E0F1E3A058C0050DCBA /* ViewController.swift */,
				F9C15E111E3A058C0050DCBA /* Main.storyboard */,
				F9FE8E8F1E75571400F5A617 /* pencil-icon!.png */,
				F9FE8E801E753E5000F5A617 /* Twitter_Logo_White_On_Blue.png */,
				F9FE8E7E1E753B5B00F5A617 /* リマインダー背景.jpg */,
				F9C15E141E3A058C0050DCBA /* Assets.xcassets */,
				F9C15E161E3A058C0050DCBA /* LaunchScreen.storyboard */,
				F9C15E191E3A058C0050DCBA /* Info.plist */,
				F9C15E3B1E3A065C0050DCBA /* CreateReminderViewController.swift */,
				F9C15E3F1E3A06AD0050DCBA /* ListViewController.swift */,
			);
			path = Reminder2;
			sourceTree = "<group>";
		};
		F9C15E211E3A058C0050DCBA /* Reminder2Tests */ = {
			isa = PBXGroup;
			children = (
				F9C15E221E3A058C0050DCBA /* Reminder2Tests.swift */,
				F9C15E241E3A058C0050DCBA /* Info.plist */,
			);
			path = Reminder2Tests;
			sourceTree = "<group>";
		};
		F9C15E2C1E3A058C0050DCBA /* Reminder2UITests */ = {
			isa = PBXGroup;
			children = (
				F9C15E2D1E3A058C0050DCBA /* Reminder2UITests.swift */,
				F9C15E2F1E3A058C0050DCBA /* Info.plist */,
			);
			path = Reminder2UITests;
			sourceTree = "<group>";
		};
		F9FE8E961E75636700F5A617 /* AppIcon.appiconset */ = {
			isa = PBXGroup;
			children = (
				F9FE8E971E75636700F5A617 /* Contents.json */,
				F9FE8E981E75636700F5A617 /* Icon-App-20x20@1x.png */,
				F9FE8E991E75636700F5A617 /* Icon-App-20x20@2x.png */,
				F9FE8E9A1E75636700F5A617 /* Icon-App-20x20@3x.png */,
				F9FE8E9B1E75636700F5A617 /* Icon-App-29x29@1x.png */,
				F9FE8E9C1E75636700F5A617 /* Icon-App-29x29@2x.png */,
				F9FE8E9D1E75636700F5A617 /* Icon-App-29x29@3x.png */,
				F9FE8E9E1E75636700F5A617 /* Icon-App-40x40@1x.png */,
				F9FE8E9F1E75636700F5A617 /* Icon-App-40x40@2x.png */,
				F9FE8EA01E75636700F5A617 /* Icon-App-40x40@3x.png */,
				F9FE8EA11E75636700F5A617 /* Icon-App-57x57@1x.png */,
				F9FE8EA21E75636700F5A617 /* Icon-App-57x57@2x.png */,
				F9FE8EA31E75636700F5A617 /* Icon-App-60x60@1x.png */,
				F9FE8EA41E75636700F5A617 /* Icon-App-60x60@2x.png */,
				F9FE8EA51E75636700F5A617 /* Icon-App-60x60@3x.png */,
				F9FE8EA61E75636700F5A617 /* Icon-App-72x72@1x.png */,
				F9FE8EA71E75636700F5A617 /* Icon-App-72x72@2x.png */,
				F9FE8EA81E75636700F5A617 /* Icon-App-76x76@1x.png */,
				F9FE8EA91E75636700F5A617 /* Icon-App-76x76@2x.png */,
				F9FE8EAA1E75636700F5A617 /* Icon-App-76x76@3x.png */,
				F9FE8EAB1E75636700F5A617 /* Icon-App-83.5x83.5@2x.png */,
				F9FE8EAC1E75636700F5A617 /* Icon-Small-50x50@1x.png */,
				F9FE8EAD1E75636700F5A617 /* Icon-Small-50x50@2x.png */,
			);
			path = AppIcon.appiconset;
			sourceTree = "<group>";
		};
/* End PBXGroup section */

/* Begin PBXNativeTarget section */
		F9C15E091E3A058C0050DCBA /* Reminder2 */ = {
			isa = PBXNativeTarget;
			buildConfigurationList = F9C15E321E3A058C0050DCBA /* Build configuration list for PBXNativeTarget "Reminder2" */;
			buildPhases = (
				F9C15E061E3A058C0050DCBA /* Sources */,
				F9C15E071E3A058C0050DCBA /* Frameworks */,
				F9C15E081E3A058C0050DCBA /* Resources */,
			);
			buildRules = (
			);
			dependencies = (
			);
			name = Reminder2;
			productName = Reminder2;
			productReference = F9C15E0A1E3A058C0050DCBA /* Reminder2.app */;
			productType = "com.apple.product-type.application";
		};
		F9C15E1D1E3A058C0050DCBA /* Reminder2Tests */ = {
			isa = PBXNativeTarget;
			buildConfigurationList = F9C15E351E3A058C0050DCBA /* Build configuration list for PBXNativeTarget "Reminder2Tests" */;
			buildPhases = (
				F9C15E1A1E3A058C0050DCBA /* Sources */,
				F9C15E1B1E3A058C0050DCBA /* Frameworks */,
				F9C15E1C1E3A058C0050DCBA /* Resources */,
			);
			buildRules = (
			);
			dependencies = (
				F9C15E201E3A058C0050DCBA /* PBXTargetDependency */,
			);
			name = Reminder2Tests;
			productName = Reminder2Tests;
			productReference = F9C15E1E1E3A058C0050DCBA /* Reminder2Tests.xctest */;
			productType = "com.apple.product-type.bundle.unit-test";
		};
		F9C15E281E3A058C0050DCBA /* Reminder2UITests */ = {
			isa = PBXNativeTarget;
			buildConfigurationList = F9C15E381E3A058C0050DCBA /* Build configuration list for PBXNativeTarget "Reminder2UITests" */;
			buildPhases = (
				F9C15E251E3A058C0050DCBA /* Sources */,
				F9C15E261E3A058C0050DCBA /* Frameworks */,
				F9C15E271E3A058C0050DCBA /* Resources */,
			);
			buildRules = (
			);
			dependencies = (
				F9C15E2B1E3A058C0050DCBA /* PBXTargetDependency */,
			);
			name = Reminder2UITests;
			productName = Reminder2UITests;
			productReference = F9C15E291E3A058C0050DCBA /* Reminder2UITests.xctest */;
			productType = "com.apple.product-type.bundle.ui-testing";
		};
/* End PBXNativeTarget section */

/* Begin PBXProject section */
		F9C15E021E3A058C0050DCBA /* Project object */ = {
			isa = PBXProject;
			attributes = {
				LastSwiftUpdateCheck = 0730;
				LastUpgradeCheck = 0730;
				ORGANIZATIONNAME = "misako shirota";
				TargetAttributes = {
					F9C15E091E3A058C0050DCBA = {
						CreatedOnToolsVersion = 7.3.1;
						DevelopmentTeam = WVYPA7QPP4;
					};
					F9C15E1D1E3A058C0050DCBA = {
						CreatedOnToolsVersion = 7.3.1;
						TestTargetID = F9C15E091E3A058C0050DCBA;
					};
					F9C15E281E3A058C0050DCBA = {
						CreatedOnToolsVersion = 7.3.1;
						TestTargetID = F9C15E091E3A058C0050DCBA;
					};
				};
			};
			buildConfigurationList = F9C15E051E3A058C0050DCBA /* Build configuration list for PBXProject "Reminder2" */;
			compatibilityVersion = "Xcode 3.2";
			developmentRegion = English;
			hasScannedForEncodings = 0;
			knownRegions = (
				en,
				Base,
			);
			mainGroup = F9C15E011E3A058C0050DCBA;
			productRefGroup = F9C15E0B1E3A058C0050DCBA /* Products */;
			projectDirPath = "";
			projectRoot = "";
			targets = (
				F9C15E091E3A058C0050DCBA /* Reminder2 */,
				F9C15E1D1E3A058C0050DCBA /* Reminder2Tests */,
				F9C15E281E3A058C0050DCBA /* Reminder2UITests */,
			);
		};
/* End PBXProject section */

/* Begin PBXResourcesBuildPhase section */
		F9C15E081E3A058C0050DCBA /* Resources */ = {
			isa = PBXResourcesBuildPhase;
			buildActionMask = 2147483647;
			files = (
				F9FE8E811E753E5000F5A617 /* Twitter_Logo_White_On_Blue.png in Resources */,
				F9FE8E911E75571400F5A617 /* pencil-icon!.png in Resources */,
				F9FE8EC21E75636700F5A617 /* Icon-App-83.5x83.5@2x.png in Resources */,
				F9FE8E931E75583100F5A617 /* list-icon!.png in Resources */,
				F9FE8E891E75408500F5A617 /* twitter_on.png in Resources */,
				F9FE8EB31E75636700F5A617 /* Icon-App-29x29@2x.png in Resources */,
				F9FE8EB01E75636700F5A617 /* Icon-App-20x20@2x.png in Resources */,
				F9FE8EB21E75636700F5A617 /* Icon-App-29x29@1x.png in Resources */,
				F9C15E181E3A058C0050DCBA /* LaunchScreen.storyboard in Resources */,
				F9FE8EAF1E75636700F5A617 /* Icon-App-20x20@1x.png in Resources */,
				F9FE8EC01E75636700F5A617 /* Icon-App-76x76@2x.png in Resources */,
				F9C15E151E3A058C0050DCBA /* Assets.xcassets in Resources */,
				F9FE8E951E755E2700F5A617 /* icon.png in Resources */,
				F9FE8EBC1E75636700F5A617 /* Icon-App-60x60@3x.png in Resources */,
				F9FE8EB41E75636700F5A617 /* Icon-App-29x29@3x.png in Resources */,
				F9FE8EB91E75636700F5A617 /* Icon-App-57x57@2x.png in Resources */,
				F9FE8EB11E75636700F5A617 /* Icon-App-20x20@3x.png in Resources */,
				F9FE8EC31E75636700F5A617 /* Icon-Small-50x50@1x.png in Resources */,
				F9FE8EBA1E75636700F5A617 /* Icon-App-60x60@1x.png in Resources */,
				F9FE8EC11E75636700F5A617 /* Icon-App-76x76@3x.png in Resources */,
				F9FE8E881E75408500F5A617 /* twitter_off.png in Resources */,
				F9FE8E7F1E753B5B00F5A617 /* リマインダー背景.jpg in Resources */,
				F9FE8EB71E75636700F5A617 /* Icon-App-40x40@3x.png in Resources */,
				F9FE8EC41E75636700F5A617 /* Icon-Small-50x50@2x.png in Resources */,
				F9FE8EBE1E75636700F5A617 /* Icon-App-72x72@2x.png in Resources */,
				F9FE8EBB1E75636700F5A617 /* Icon-App-60x60@2x.png in Resources */,
				F9FE8EB61E75636700F5A617 /* Icon-App-40x40@2x.png in Resources */,
				F9FE8EB51E75636700F5A617 /* Icon-App-40x40@1x.png in Resources */,
				F9FE8EBF1E75636700F5A617 /* Icon-App-76x76@1x.png in Resources */,
				F9FE8EAE1E75636700F5A617 /* Contents.json in Resources */,
				F9C15E131E3A058C0050DCBA /* Main.storyboard in Resources */,
				F9FE8EB81E75636700F5A617 /* Icon-App-57x57@1x.png in Resources */,
				F9FE8EBD1E75636700F5A617 /* Icon-App-72x72@1x.png in Resources */,
			);
			runOnlyForDeploymentPostprocessing = 0;
		};
		F9C15E1C1E3A058C0050DCBA /* Resources */ = {
			isa = PBXResourcesBuildPhase;
			buildActionMask = 2147483647;
			files = (
			);
			runOnlyForDeploymentPostprocessing = 0;
		};
		F9C15E271E3A058C0050DCBA /* Resources */ = {
			isa = PBXResourcesBuildPhase;
			buildActionMask = 2147483647;
			files = (
			);
			runOnlyForDeploymentPostprocessing = 0;
		};
/* End PBXResourcesBuildPhase section */

/* Begin PBXSourcesBuildPhase section */
		F9C15E061E3A058C0050DCBA /* Sources */ = {
			isa = PBXSourcesBuildPhase;
			buildActionMask = 2147483647;
			files = (
				F9C15E101E3A058C0050DCBA /* ViewController.swift in Sources */,
				F9C15E0E1E3A058C0050DCBA /* AppDelegate.swift in Sources */,
				F9C15E401E3A06AD0050DCBA /* ListViewController.swift in Sources */,
				F9C15E3C1E3A065C0050DCBA /* CreateReminderViewController.swift in Sources */,
			);
			runOnlyForDeploymentPostprocessing = 0;
		};
		F9C15E1A1E3A058C0050DCBA /* Sources */ = {
			isa = PBXSourcesBuildPhase;
			buildActionMask = 2147483647;
			files = (
				F9C15E231E3A058C0050DCBA /* Reminder2Tests.swift in Sources */,
			);
			runOnlyForDeploymentPostprocessing = 0;
		};
		F9C15E251E3A058C0050DCBA /* Sources */ = {
			isa = PBXSourcesBuildPhase;
			buildActionMask = 2147483647;
			files = (
				F9C15E2E1E3A058C0050DCBA /* Reminder2UITests.swift in Sources */,
			);
			runOnlyForDeploymentPostprocessing = 0;
		};
/* End PBXSourcesBuildPhase section */

/* Begin PBXTargetDependency section */
		F9C15E201E3A058C0050DCBA /* PBXTargetDependency */ = {
			isa = PBXTargetDependency;
			target = F9C15E091E3A058C0050DCBA /* Reminder2 */;
			targetProxy = F9C15E1F1E3A058C0050DCBA /* PBXContainerItemProxy */;
		};
		F9C15E2B1E3A058C0050DCBA /* PBXTargetDependency */ = {
			isa = PBXTargetDependency;
			target = F9C15E091E3A058C0050DCBA /* Reminder2 */;
			targetProxy = F9C15E2A1E3A058C0050DCBA /* PBXContainerItemProxy */;
		};
/* End PBXTargetDependency section */

/* Begin PBXVariantGroup section */
		F9C15E111E3A058C0050DCBA /* Main.storyboard */ = {
			isa = PBXVariantGroup;
			children = (
				F9C15E121E3A058C0050DCBA /* Base */,
			);
			name = Main.storyboard;
			sourceTree = "<group>";
		};
		F9C15E161E3A058C0050DCBA /* LaunchScreen.storyboard */ = {
			isa = PBXVariantGroup;
			children = (
				F9C15E171E3A058C0050DCBA /* Base */,
			);
			name = LaunchScreen.storyboard;
			sourceTree = "<group>";
		};
/* End PBXVariantGroup section */

/* Begin XCBuildConfiguration section */
		F9C15E301E3A058C0050DCBA /* Debug */ = {
			isa = XCBuildConfiguration;
			buildSettings = {
				ALWAYS_SEARCH_USER_PATHS = NO;
				CLANG_ANALYZER_NONNULL = YES;
				CLANG_CXX_LANGUAGE_STANDARD = "gnu++0x";
				CLANG_CXX_LIBRARY = "libc++";
				CLANG_ENABLE_MODULES = YES;
				CLANG_ENABLE_OBJC_ARC = YES;
				CLANG_WARN_BOOL_CONVERSION = YES;
				CLANG_WARN_CONSTANT_CONVERSION = YES;
				CLANG_WARN_DIRECT_OBJC_ISA_USAGE = YES_ERROR;
				CLANG_WARN_EMPTY_BODY = YES;
				CLANG_WARN_ENUM_CONVERSION = YES;
				CLANG_WARN_INT_CONVERSION = YES;
				CLANG_WARN_OBJC_ROOT_CLASS = YES_ERROR;
				CLANG_WARN_UNREACHABLE_CODE = YES;
				CLANG_WARN__DUPLICATE_METHOD_MATCH = YES;
				"CODE_SIGN_IDENTITY[sdk=iphoneos*]" = "iPhone Developer";
				COPY_PHASE_STRIP = NO;
				DEBUG_INFORMATION_FORMAT = dwarf;
				ENABLE_STRICT_OBJC_MSGSEND = YES;
				ENABLE_TESTABILITY = YES;
				GCC_C_LANGUAGE_STANDARD = gnu99;
				GCC_DYNAMIC_NO_PIC = NO;
				GCC_NO_COMMON_BLOCKS = YES;
				GCC_OPTIMIZATION_LEVEL = 0;
				GCC_PREPROCESSOR_DEFINITIONS = (
					"DEBUG=1",
					"$(inherited)",
				);
				GCC_WARN_64_TO_32_BIT_CONVERSION = YES;
				GCC_WARN_ABOUT_RETURN_TYPE = YES_ERROR;
				GCC_WARN_UNDECLARED_SELECTOR = YES;
				GCC_WARN_UNINITIALIZED_AUTOS = YES_AGGRESSIVE;
				GCC_WARN_UNUSED_FUNCTION = YES;
				GCC_WARN_UNUSED_VARIABLE = YES;
				IPHONEOS_DEPLOYMENT_TARGET = 9.3;
				MTL_ENABLE_DEBUG_INFO = YES;
				ONLY_ACTIVE_ARCH = YES;
				SDKROOT = iphoneos;
				SWIFT_OPTIMIZATION_LEVEL = "-Onone";
			};
			name = Debug;
		};
		F9C15E311E3A058C0050DCBA /* Release */ = {
			isa = XCBuildConfiguration;
			buildSettings = {
				ALWAYS_SEARCH_USER_PATHS = NO;
				CLANG_ANALYZER_NONNULL = YES;
				CLANG_CXX_LANGUAGE_STANDARD = "gnu++0x";
				CLANG_CXX_LIBRARY = "libc++";
				CLANG_ENABLE_MODULES = YES;
				CLANG_ENABLE_OBJC_ARC = YES;
				CLANG_WARN_BOOL_CONVERSION = YES;
				CLANG_WARN_CONSTANT_CONVERSION = YES;
				CLANG_WARN_DIRECT_OBJC_ISA_USAGE = YES_ERROR;
				CLANG_WARN_EMPTY_BODY = YES;
				CLANG_WARN_ENUM_CONVERSION = YES;
				CLANG_WARN_INT_CONVERSION = YES;
				CLANG_WARN_OBJC_ROOT_CLASS = YES_ERROR;
				CLANG_WARN_UNREACHABLE_CODE = YES;
				CLANG_WARN__DUPLICATE_METHOD_MATCH = YES;
				"CODE_SIGN_IDENTITY[sdk=iphoneos*]" = "iPhone Developer";
				COPY_PHASE_STRIP = NO;
				DEBUG_INFORMATION_FORMAT = "dwarf-with-dsym";
				ENABLE_NS_ASSERTIONS = NO;
				ENABLE_STRICT_OBJC_MSGSEND = YES;
				GCC_C_LANGUAGE_STANDARD = gnu99;
				GCC_NO_COMMON_BLOCKS = YES;
				GCC_WARN_64_TO_32_BIT_CONVERSION = YES;
				GCC_WARN_ABOUT_RETURN_TYPE = YES_ERROR;
				GCC_WARN_UNDECLARED_SELECTOR = YES;
				GCC_WARN_UNINITIALIZED_AUTOS = YES_AGGRESSIVE;
				GCC_WARN_UNUSED_FUNCTION = YES;
				GCC_WARN_UNUSED_VARIABLE = YES;
				IPHONEOS_DEPLOYMENT_TARGET = 9.3;
				MTL_ENABLE_DEBUG_INFO = NO;
				SDKROOT = iphoneos;
				VALIDATE_PRODUCT = YES;
			};
			name = Release;
		};
		F9C15E331E3A058C0050DCBA /* Debug */ = {
			isa = XCBuildConfiguration;
			buildSettings = {
				ASSETCATALOG_COMPILER_APPICON_NAME = AppIcon;
				DEVELOPMENT_TEAM = WVYPA7QPP4;
				INFOPLIST_FILE = Reminder2/Info.plist;
				LD_RUNPATH_SEARCH_PATHS = "$(inherited) @executable_path/Frameworks";
				PRODUCT_BUNDLE_IDENTIFIER = com.misako.Reminder2;
				PRODUCT_NAME = "$(TARGET_NAME)";
				SWIFT_VERSION = 2.3;
			};
			name = Debug;
		};
		F9C15E341E3A058C0050DCBA /* Release */ = {
			isa = XCBuildConfiguration;
			buildSettings = {
				ASSETCATALOG_COMPILER_APPICON_NAME = AppIcon;
				DEVELOPMENT_TEAM = WVYPA7QPP4;
				INFOPLIST_FILE = Reminder2/Info.plist;
				LD_RUNPATH_SEARCH_PATHS = "$(inherited) @executable_path/Frameworks";
				PRODUCT_BUNDLE_IDENTIFIER = com.misako.Reminder2;
				PRODUCT_NAME = "$(TARGET_NAME)";
				SWIFT_VERSION = 2.3;
			};
			name = Release;
		};
		F9C15E361E3A058C0050DCBA /* Debug */ = {
			isa = XCBuildConfiguration;
			buildSettings = {
				BUNDLE_LOADER = "$(TEST_HOST)";
				INFOPLIST_FILE = Reminder2Tests/Info.plist;
				LD_RUNPATH_SEARCH_PATHS = "$(inherited) @executable_path/Frameworks @loader_path/Frameworks";
				PRODUCT_BUNDLE_IDENTIFIER = com.litech.Reminder2Tests;
				PRODUCT_NAME = "$(TARGET_NAME)";
				TEST_HOST = "$(BUILT_PRODUCTS_DIR)/Reminder2.app/Reminder2";
			};
			name = Debug;
		};
		F9C15E371E3A058C0050DCBA /* Release */ = {
			isa = XCBuildConfiguration;
			buildSettings = {
				BUNDLE_LOADER = "$(TEST_HOST)";
				INFOPLIST_FILE = Reminder2Tests/Info.plist;
				LD_RUNPATH_SEARCH_PATHS = "$(inherited) @executable_path/Frameworks @loader_path/Frameworks";
				PRODUCT_BUNDLE_IDENTIFIER = com.litech.Reminder2Tests;
				PRODUCT_NAME = "$(TARGET_NAME)";
				TEST_HOST = "$(BUILT_PRODUCTS_DIR)/Reminder2.app/Reminder2";
			};
			name = Release;
		};
		F9C15E391E3A058C0050DCBA /* Debug */ = {
			isa = XCBuildConfiguration;
			buildSettings = {
				INFOPLIST_FILE = Reminder2UITests/Info.plist;
				LD_RUNPATH_SEARCH_PATHS = "$(inherited) @executable_path/Frameworks @loader_path/Frameworks";
				PRODUCT_BUNDLE_IDENTIFIER = com.litech.Reminder2UITests;
				PRODUCT_NAME = "$(TARGET_NAME)";
				TEST_TARGET_NAME = Reminder2;
			};
			name = Debug;
		};
		F9C15E3A1E3A058C0050DCBA /* Release */ = {
			isa = XCBuildConfiguration;
			buildSettings = {
				INFOPLIST_FILE = Reminder2UITests/Info.plist;
				LD_RUNPATH_SEARCH_PATHS = "$(inherited) @executable_path/Frameworks @loader_path/Frameworks";
				PRODUCT_BUNDLE_IDENTIFIER = com.litech.Reminder2UITests;
				PRODUCT_NAME = "$(TARGET_NAME)";
				TEST_TARGET_NAME = Reminder2;
			};
			name = Release;
		};
/* End XCBuildConfiguration section */

/* Begin XCConfigurationList section */
		F9C15E051E3A058C0050DCBA /* Build configuration list for PBXProject "Reminder2" */ = {
			isa = XCConfigurationList;
			buildConfigurations = (
				F9C15E301E3A058C0050DCBA /* Debug */,
				F9C15E311E3A058C0050DCBA /* Release */,
			);
			defaultConfigurationIsVisible = 0;
			defaultConfigurationName = Release;
		};
		F9C15E321E3A058C0050DCBA /* Build configuration list for PBXNativeTarget "Reminder2" */ = {
			isa = XCConfigurationList;
			buildConfigurations = (
				F9C15E331E3A058C0050DCBA /* Debug */,
				F9C15E341E3A058C0050DCBA /* Release */,
			);
			defaultConfigurationIsVisible = 0;
			defaultConfigurationName = Release;
		};
		F9C15E351E3A058C0050DCBA /* Build configuration list for PBXNativeTarget "Reminder2Tests" */ = {
			isa = XCConfigurationList;
			buildConfigurations = (
				F9C15E361E3A058C0050DCBA /* Debug */,
				F9C15E371E3A058C0050DCBA /* Release */,
			);
			defaultConfigurationIsVisible = 0;
			defaultConfigurationName = Release;
		};
		F9C15E381E3A058C0050DCBA /* Build configuration list for PBXNativeTarget "Reminder2UITests" */ = {
			isa = XCConfigurationList;
			buildConfigurations = (
				F9C15E391E3A058C0050DCBA /* Debug */,
				F9C15E3A1E3A058C0050DCBA /* Release */,
			);
			defaultConfigurationIsVisible = 0;
			defaultConfigurationName = Release;
		};
/* End XCConfigurationList section */
	};
	rootObject = F9C15E021E3A058C0050DCBA /* Project object */;
}
